
Microsoft Visual Studio Solution File, Format Version 12.00
# Visual Studio Version 17
VisualStudioVersion = 17.6.33723.286
MinimumVisualStudioVersion = 10.0.40219.1
Project("{2150E333-8FDC-42A3-9474-1A3956D46DE8}") = "src", "src", "{CBE3246D-A3B6-487B-B4C4-A93EEFD04EA0}"
EndProject
Project("{2150E333-8FDC-42A3-9474-1A3956D46DE8}") = "01 - Application", "01 - Application", "{98ED7207-8FC3-4417-9AE4-C315BD1F7350}"
EndProject
Project("{2150E333-8FDC-42A3-9474-1A3956D46DE8}") = "02 - Domain", "02 - Domain", "{C596B1E8-F403-4FF8-A467-8A105EEB768D}"
EndProject
Project("{2150E333-8FDC-42A3-9474-1A3956D46DE8}") = "03 - Service", "03 - Service", "{F292E192-9872-4A68-BC08-F4EDA898B381}"
EndProject
Project("{2150E333-8FDC-42A3-9474-1A3956D46DE8}") = "Web", "Web", "{134ED2BE-89DE-4056-9DC0-8A9C1B4ACAD4}"
EndProject
Project("{2150E333-8FDC-42A3-9474-1A3956D46DE8}") = "Core", "Core", "{DDAF1E73-99B9-462C-A80F-8217820F186F}"
EndProject
Project("{2150E333-8FDC-42A3-9474-1A3956D46DE8}") = "Services", "Services", "{F2FCBC9B-C857-40AD-89B4-B7679AEE0BCB}"
EndProject
Project("{9A19103F-16F7-4668-BE54-9A1E7A4F7556}") = "Konsi.WebApp.Mvc", "src\Konsi.Application\Konsi.WebApp.Mvc\Konsi.WebApp.Mvc.csproj", "{D01FED73-DB93-4A18-842A-09059713B252}"
EndProject
Project("{2150E333-8FDC-42A3-9474-1A3956D46DE8}") = "Crawler", "Crawler", "{6C934211-FA16-40D1-85DD-686BCE5F67AC}"
EndProject
Project("{2150E333-8FDC-42A3-9474-1A3956D46DE8}") = "QueueProcessor", "QueueProcessor", "{7C3628DB-3116-4386-85B1-5D4DC5D50EE6}"
EndProject
Project("{9A19103F-16F7-4668-BE54-9A1E7A4F7556}") = "Konsi.CrawlerApi", "src\Konsi.Service\Konsi.CrawlerApi\Konsi.CrawlerApi.csproj", "{8271C1BD-CC0A-4F6A-966B-446AAD584ED2}"
EndProject
Project("{9A19103F-16F7-4668-BE54-9A1E7A4F7556}") = "Konsi.QueueProcessorApi", "src\Konsi.Service\Konsi.QueueProcessorApi\Konsi.QueueProcessorApi.csproj", "{C4E7C0B9-D067-4B92-93F8-02BAE25D2F30}"
EndProject
Project("{9A19103F-16F7-4668-BE54-9A1E7A4F7556}") = "Konsi.Core", "src\Konsi.Domain\Konsi.Core\Konsi.Core.csproj", "{2DE776DC-67BB-4725-B62F-A912CB208F24}"
EndProject
Project("{2150E333-8FDC-42A3-9474-1A3956D46DE8}") = "04 - Infra", "04 - Infra", "{A8BDE217-177A-4F56-BECA-D8147426A7E4}"
EndProject
Project("{2150E333-8FDC-42A3-9474-1A3956D46DE8}") = "Data", "Data", "{2AC20358-BA6D-4E82-B1A6-FCCB3B22E9E6}"
EndProject
Project("{9A19103F-16F7-4668-BE54-9A1E7A4F7556}") = "Konsi.Infra.Data", "src\Konsi.Infra.Data\Konsi.Infra.Data\Konsi.Infra.Data.csproj", "{3B6DE8FD-16FF-428A-ADE6-C8F802E3CFE8}"
EndProject
Project("{2150E333-8FDC-42A3-9474-1A3956D46DE8}") = "tests", "tests", "{87F3F656-F84A-4331-A1EA-12CE8BDABFDE}"
EndProject
Project("{2150E333-8FDC-42A3-9474-1A3956D46DE8}") = "Api", "Api", "{0BD8DAEA-277D-4497-AAB9-2F17D6F4CC8B}"
EndProject
Project("{FAE04EC0-301F-11D3-BF4B-00C04F79EFBC}") = "Konsi.Api", "Konsi.Api\Konsi.Api.csproj", "{B7C8C3BE-B8BB-46FC-9D47-B1F83C618B30}"
EndProject
Global
	GlobalSection(SolutionConfigurationPlatforms) = preSolution
		Debug|Any CPU = Debug|Any CPU
		Release|Any CPU = Release|Any CPU
	EndGlobalSection
	GlobalSection(ProjectConfigurationPlatforms) = postSolution
		{D01FED73-DB93-4A18-842A-09059713B252}.Debug|Any CPU.ActiveCfg = Debug|Any CPU
		{D01FED73-DB93-4A18-842A-09059713B252}.Debug|Any CPU.Build.0 = Debug|Any CPU
		{D01FED73-DB93-4A18-842A-09059713B252}.Release|Any CPU.ActiveCfg = Release|Any CPU
		{D01FED73-DB93-4A18-842A-09059713B252}.Release|Any CPU.Build.0 = Release|Any CPU
		{8271C1BD-CC0A-4F6A-966B-446AAD584ED2}.Debug|Any CPU.ActiveCfg = Debug|Any CPU
		{8271C1BD-CC0A-4F6A-966B-446AAD584ED2}.Debug|Any CPU.Build.0 = Debug|Any CPU
		{8271C1BD-CC0A-4F6A-966B-446AAD584ED2}.Release|Any CPU.ActiveCfg = Release|Any CPU
		{8271C1BD-CC0A-4F6A-966B-446AAD584ED2}.Release|Any CPU.Build.0 = Release|Any CPU
		{C4E7C0B9-D067-4B92-93F8-02BAE25D2F30}.Debug|Any CPU.ActiveCfg = Debug|Any CPU
		{C4E7C0B9-D067-4B92-93F8-02BAE25D2F30}.Debug|Any CPU.Build.0 = Debug|Any CPU
		{C4E7C0B9-D067-4B92-93F8-02BAE25D2F30}.Release|Any CPU.ActiveCfg = Release|Any CPU
		{C4E7C0B9-D067-4B92-93F8-02BAE25D2F30}.Release|Any CPU.Build.0 = Release|Any CPU
		{2DE776DC-67BB-4725-B62F-A912CB208F24}.Debug|Any CPU.ActiveCfg = Debug|Any CPU
		{2DE776DC-67BB-4725-B62F-A912CB208F24}.Debug|Any CPU.Build.0 = Debug|Any CPU
		{2DE776DC-67BB-4725-B62F-A912CB208F24}.Release|Any CPU.ActiveCfg = Release|Any CPU
		{2DE776DC-67BB-4725-B62F-A912CB208F24}.Release|Any CPU.Build.0 = Release|Any CPU
		{3B6DE8FD-16FF-428A-ADE6-C8F802E3CFE8}.Debug|Any CPU.ActiveCfg = Debug|Any CPU
		{3B6DE8FD-16FF-428A-ADE6-C8F802E3CFE8}.Debug|Any CPU.Build.0 = Debug|Any CPU
		{3B6DE8FD-16FF-428A-ADE6-C8F802E3CFE8}.Release|Any CPU.ActiveCfg = Release|Any CPU
		{3B6DE8FD-16FF-428A-ADE6-C8F802E3CFE8}.Release|Any CPU.Build.0 = Release|Any CPU
		{B7C8C3BE-B8BB-46FC-9D47-B1F83C618B30}.Debug|Any CPU.ActiveCfg = Debug|Any CPU
		{B7C8C3BE-B8BB-46FC-9D47-B1F83C618B30}.Debug|Any CPU.Build.0 = Debug|Any CPU
		{B7C8C3BE-B8BB-46FC-9D47-B1F83C618B30}.Release|Any CPU.ActiveCfg = Release|Any CPU
		{B7C8C3BE-B8BB-46FC-9D47-B1F83C618B30}.Release|Any CPU.Build.0 = Release|Any CPU
	EndGlobalSection
	GlobalSection(SolutionProperties) = preSolution
		HideSolutionNode = FALSE
	EndGlobalSection
	GlobalSection(NestedProjects) = preSolution
		{98ED7207-8FC3-4417-9AE4-C315BD1F7350} = {CBE3246D-A3B6-487B-B4C4-A93EEFD04EA0}
		{C596B1E8-F403-4FF8-A467-8A105EEB768D} = {CBE3246D-A3B6-487B-B4C4-A93EEFD04EA0}
		{F292E192-9872-4A68-BC08-F4EDA898B381} = {CBE3246D-A3B6-487B-B4C4-A93EEFD04EA0}
		{134ED2BE-89DE-4056-9DC0-8A9C1B4ACAD4} = {98ED7207-8FC3-4417-9AE4-C315BD1F7350}
		{DDAF1E73-99B9-462C-A80F-8217820F186F} = {C596B1E8-F403-4FF8-A467-8A105EEB768D}
		{F2FCBC9B-C857-40AD-89B4-B7679AEE0BCB} = {F292E192-9872-4A68-BC08-F4EDA898B381}
		{D01FED73-DB93-4A18-842A-09059713B252} = {134ED2BE-89DE-4056-9DC0-8A9C1B4ACAD4}
		{6C934211-FA16-40D1-85DD-686BCE5F67AC} = {F2FCBC9B-C857-40AD-89B4-B7679AEE0BCB}
		{7C3628DB-3116-4386-85B1-5D4DC5D50EE6} = {F2FCBC9B-C857-40AD-89B4-B7679AEE0BCB}
		{8271C1BD-CC0A-4F6A-966B-446AAD584ED2} = {6C934211-FA16-40D1-85DD-686BCE5F67AC}
		{C4E7C0B9-D067-4B92-93F8-02BAE25D2F30} = {7C3628DB-3116-4386-85B1-5D4DC5D50EE6}
		{2DE776DC-67BB-4725-B62F-A912CB208F24} = {DDAF1E73-99B9-462C-A80F-8217820F186F}
		{A8BDE217-177A-4F56-BECA-D8147426A7E4} = {CBE3246D-A3B6-487B-B4C4-A93EEFD04EA0}
		{2AC20358-BA6D-4E82-B1A6-FCCB3B22E9E6} = {A8BDE217-177A-4F56-BECA-D8147426A7E4}
		{3B6DE8FD-16FF-428A-ADE6-C8F802E3CFE8} = {2AC20358-BA6D-4E82-B1A6-FCCB3B22E9E6}
		{0BD8DAEA-277D-4497-AAB9-2F17D6F4CC8B} = {F2FCBC9B-C857-40AD-89B4-B7679AEE0BCB}
		{B7C8C3BE-B8BB-46FC-9D47-B1F83C618B30} = {0BD8DAEA-277D-4497-AAB9-2F17D6F4CC8B}
	EndGlobalSection
	GlobalSection(ExtensibilityGlobals) = postSolution
		SolutionGuid = {A94D22D4-A76A-44DF-8251-D36B7F094560}
	EndGlobalSection
EndGlobal
